
Microsoft Visual Studio Solution File, Format Version 12.00
# Visual Studio Version 16
VisualStudioVersion = 16.0.30011.22
MinimumVisualStudioVersion = 10.0.40219.1
Project("{FAE04EC0-301F-11D3-BF4B-00C04F79EFBC}") = "ALE2_library", "ALE2_library\ALE2_library.csproj", "{B96367F1-79ED-493B-BFC9-77C87A7B4D9B}"
EndProject
Project("{FAE04EC0-301F-11D3-BF4B-00C04F79EFBC}") = "ALE2_libraryTests", "ALE2_libraryTests\ALE2_libraryTests.csproj", "{9793F2ED-7D3C-4427-B759-3A2513D558D5}"
EndProject
Global
	GlobalSection(SolutionConfigurationPlatforms) = preSolution
		Debug|Any CPU = Debug|Any CPU
		Release|Any CPU = Release|Any CPU
	EndGlobalSection
	GlobalSection(ProjectConfigurationPlatforms) = postSolution
		{B96367F1-79ED-493B-BFC9-77C87A7B4D9B}.Debug|Any CPU.ActiveCfg = Debug|Any CPU
		{B96367F1-79ED-493B-BFC9-77C87A7B4D9B}.Debug|Any CPU.Build.0 = Debug|Any CPU
		{B96367F1-79ED-493B-BFC9-77C87A7B4D9B}.Release|Any CPU.ActiveCfg = Release|Any CPU
		{B96367F1-79ED-493B-BFC9-77C87A7B4D9B}.Release|Any CPU.Build.0 = Release|Any CPU
		{9793F2ED-7D3C-4427-B759-3A2513D558D5}.Debug|Any CPU.ActiveCfg = Debug|Any CPU
		{9793F2ED-7D3C-4427-B759-3A2513D558D5}.Debug|Any CPU.Build.0 = Debug|Any CPU
		{9793F2ED-7D3C-4427-B759-3A2513D558D5}.Release|Any CPU.ActiveCfg = Release|Any CPU
		{9793F2ED-7D3C-4427-B759-3A2513D558D5}.Release|Any CPU.Build.0 = Release|Any CPU
	EndGlobalSection
	GlobalSection(SolutionProperties) = preSolution
		HideSolutionNode = FALSE
	EndGlobalSection
	GlobalSection(ExtensibilityGlobals) = postSolution
		SolutionGuid = {6CE5A7E5-645A-4159-924A-DBD502814162}
	EndGlobalSection
EndGlobal
